// !$*UTF8*$!
{
	archiveVersion = 1;
	classes = {
	};
	objectVersion = 50;
	objects = {

/* Begin PBXBuildFile section */
		CF3D6A3025827A3A008F82F7 /* GFButton.swift in Sources */ = {isa = PBXBuildFile; fileRef = CF3D6A2F25827A3A008F82F7 /* GFButton.swift */; };
		CF3D6A3325827D9C008F82F7 /* GFTextField.swift in Sources */ = {isa = PBXBuildFile; fileRef = CF3D6A3225827D9C008F82F7 /* GFTextField.swift */; };
		CF3DBB3325C83DAC00EF5695 /* GFTitleLabel.swift in Sources */ = {isa = PBXBuildFile; fileRef = CF3DBB3225C83DAC00EF5695 /* GFTitleLabel.swift */; };
		CF3DBB3625C83F6E00EF5695 /* GFBodyLabel.swift in Sources */ = {isa = PBXBuildFile; fileRef = CF3DBB3525C83F6E00EF5695 /* GFBodyLabel.swift */; };
		CF3DBB3F25C840F100EF5695 /* GFAlertViewController.swift in Sources */ = {isa = PBXBuildFile; fileRef = CF3DBB3E25C840F100EF5695 /* GFAlertViewController.swift */; };
		CF3DBB4225C856B200EF5695 /* UIViewController+Extension.swift in Sources */ = {isa = PBXBuildFile; fileRef = CF3DBB4125C856B200EF5695 /* UIViewController+Extension.swift */; };
		CFC1FF1E25EE43790029011B /* NetworkManager.swift in Sources */ = {isa = PBXBuildFile; fileRef = CFC1FF1D25EE43790029011B /* NetworkManager.swift */; };
		CFC1FF2325EE5F5B0029011B /* ErrorMessage.swift in Sources */ = {isa = PBXBuildFile; fileRef = CFC1FF2225EE5F5B0029011B /* ErrorMessage.swift */; };
		CFC1FF2B25EE733F0029011B /* FollowerCell.swift in Sources */ = {isa = PBXBuildFile; fileRef = CFC1FF2A25EE733F0029011B /* FollowerCell.swift */; };
		CFC1FF2E25EE73D80029011B /* AvatarImageView.swift in Sources */ = {isa = PBXBuildFile; fileRef = CFC1FF2D25EE73D80029011B /* AvatarImageView.swift */; };
		CFC1FF3225EEA4FC0029011B /* UIHelper.swift in Sources */ = {isa = PBXBuildFile; fileRef = CFC1FF3125EEA4FC0029011B /* UIHelper.swift */; };
		CFC3BA1C2577FF0D004AC221 /* AppDelegate.swift in Sources */ = {isa = PBXBuildFile; fileRef = CFC3BA1B2577FF0D004AC221 /* AppDelegate.swift */; };
		CFC3BA1E2577FF0D004AC221 /* SceneDelegate.swift in Sources */ = {isa = PBXBuildFile; fileRef = CFC3BA1D2577FF0D004AC221 /* SceneDelegate.swift */; };
		CFC3BA252577FF0E004AC221 /* Assets.xcassets in Resources */ = {isa = PBXBuildFile; fileRef = CFC3BA242577FF0E004AC221 /* Assets.xcassets */; };
		CFC3BA282577FF0E004AC221 /* LaunchScreen.storyboard in Resources */ = {isa = PBXBuildFile; fileRef = CFC3BA262577FF0E004AC221 /* LaunchScreen.storyboard */; };
		CFC3BA3325781D26004AC221 /* SearchViewController.swift in Sources */ = {isa = PBXBuildFile; fileRef = CFC3BA3225781D26004AC221 /* SearchViewController.swift */; };
		CFC3BA3625781D81004AC221 /* FavoritesListViewController.swift in Sources */ = {isa = PBXBuildFile; fileRef = CFC3BA3525781D81004AC221 /* FavoritesListViewController.swift */; };
		CFC67564259E2A6400DC784E /* FollowersListViewController.swift in Sources */ = {isa = PBXBuildFile; fileRef = CFC67563259E2A6400DC784E /* FollowersListViewController.swift */; };
		CFE47A0E25DEB918000F4A58 /* Follower.swift in Sources */ = {isa = PBXBuildFile; fileRef = CFE47A0D25DEB918000F4A58 /* Follower.swift */; };
		CFE47A1125DEBA28000F4A58 /* User.swift in Sources */ = {isa = PBXBuildFile; fileRef = CFE47A1025DEBA28000F4A58 /* User.swift */; };
/* End PBXBuildFile section */

/* Begin PBXFileReference section */
		CF3D6A2F25827A3A008F82F7 /* GFButton.swift */ = {isa = PBXFileReference; lastKnownFileType = sourcecode.swift; path = GFButton.swift; sourceTree = "<group>"; };
		CF3D6A3225827D9C008F82F7 /* GFTextField.swift */ = {isa = PBXFileReference; lastKnownFileType = sourcecode.swift; path = GFTextField.swift; sourceTree = "<group>"; };
		CF3DBB3225C83DAC00EF5695 /* GFTitleLabel.swift */ = {isa = PBXFileReference; lastKnownFileType = sourcecode.swift; path = GFTitleLabel.swift; sourceTree = "<group>"; };
		CF3DBB3525C83F6E00EF5695 /* GFBodyLabel.swift */ = {isa = PBXFileReference; lastKnownFileType = sourcecode.swift; path = GFBodyLabel.swift; sourceTree = "<group>"; };
		CF3DBB3E25C840F100EF5695 /* GFAlertViewController.swift */ = {isa = PBXFileReference; lastKnownFileType = sourcecode.swift; path = GFAlertViewController.swift; sourceTree = "<group>"; };
		CF3DBB4125C856B200EF5695 /* UIViewController+Extension.swift */ = {isa = PBXFileReference; lastKnownFileType = sourcecode.swift; path = "UIViewController+Extension.swift"; sourceTree = "<group>"; };
		CFC1FF1D25EE43790029011B /* NetworkManager.swift */ = {isa = PBXFileReference; lastKnownFileType = sourcecode.swift; path = NetworkManager.swift; sourceTree = "<group>"; };
		CFC1FF2225EE5F5B0029011B /* ErrorMessage.swift */ = {isa = PBXFileReference; lastKnownFileType = sourcecode.swift; path = ErrorMessage.swift; sourceTree = "<group>"; };
		CFC1FF2A25EE733F0029011B /* FollowerCell.swift */ = {isa = PBXFileReference; lastKnownFileType = sourcecode.swift; path = FollowerCell.swift; sourceTree = "<group>"; };
		CFC1FF2D25EE73D80029011B /* AvatarImageView.swift */ = {isa = PBXFileReference; lastKnownFileType = sourcecode.swift; path = AvatarImageView.swift; sourceTree = "<group>"; };
		CFC1FF3125EEA4FC0029011B /* UIHelper.swift */ = {isa = PBXFileReference; lastKnownFileType = sourcecode.swift; path = UIHelper.swift; sourceTree = "<group>"; };
		CFC3BA182577FF0D004AC221 /* GitHubFollowers.app */ = {isa = PBXFileReference; explicitFileType = wrapper.application; includeInIndex = 0; path = GitHubFollowers.app; sourceTree = BUILT_PRODUCTS_DIR; };
		CFC3BA1B2577FF0D004AC221 /* AppDelegate.swift */ = {isa = PBXFileReference; lastKnownFileType = sourcecode.swift; path = AppDelegate.swift; sourceTree = "<group>"; };
		CFC3BA1D2577FF0D004AC221 /* SceneDelegate.swift */ = {isa = PBXFileReference; lastKnownFileType = sourcecode.swift; path = SceneDelegate.swift; sourceTree = "<group>"; };
		CFC3BA242577FF0E004AC221 /* Assets.xcassets */ = {isa = PBXFileReference; lastKnownFileType = folder.assetcatalog; path = Assets.xcassets; sourceTree = "<group>"; };
		CFC3BA272577FF0E004AC221 /* Base */ = {isa = PBXFileReference; lastKnownFileType = file.storyboard; name = Base; path = Base.lproj/LaunchScreen.storyboard; sourceTree = "<group>"; };
		CFC3BA292577FF0E004AC221 /* Info.plist */ = {isa = PBXFileReference; lastKnownFileType = text.plist.xml; path = Info.plist; sourceTree = "<group>"; };
		CFC3BA3225781D26004AC221 /* SearchViewController.swift */ = {isa = PBXFileReference; lastKnownFileType = sourcecode.swift; path = SearchViewController.swift; sourceTree = "<group>"; };
		CFC3BA3525781D81004AC221 /* FavoritesListViewController.swift */ = {isa = PBXFileReference; lastKnownFileType = sourcecode.swift; path = FavoritesListViewController.swift; sourceTree = "<group>"; };
		CFC67563259E2A6400DC784E /* FollowersListViewController.swift */ = {isa = PBXFileReference; lastKnownFileType = sourcecode.swift; path = FollowersListViewController.swift; sourceTree = "<group>"; };
		CFE47A0D25DEB918000F4A58 /* Follower.swift */ = {isa = PBXFileReference; lastKnownFileType = sourcecode.swift; path = Follower.swift; sourceTree = "<group>"; };
		CFE47A1025DEBA28000F4A58 /* User.swift */ = {isa = PBXFileReference; lastKnownFileType = sourcecode.swift; path = User.swift; sourceTree = "<group>"; };
/* End PBXFileReference section */

/* Begin PBXFrameworksBuildPhase section */
		CFC3BA152577FF0D004AC221 /* Frameworks */ = {
			isa = PBXFrameworksBuildPhase;
			buildActionMask = 2147483647;
			files = (
			);
			runOnlyForDeploymentPostprocessing = 0;
		};
/* End PBXFrameworksBuildPhase section */

/* Begin PBXGroup section */
		CF3DBB4525C8605600EF5695 /* Screens */ = {
			isa = PBXGroup;
			children = (
				CFC3BA3225781D26004AC221 /* SearchViewController.swift */,
				CFC3BA3525781D81004AC221 /* FavoritesListViewController.swift */,
				CFC67563259E2A6400DC784E /* FollowersListViewController.swift */,
			);
			path = Screens;
			sourceTree = "<group>";
		};
		CF3DBB4725C860BF00EF5695 /* Custom Views */ = {
			isa = PBXGroup;
			children = (
				CFC1FF2925EE72EE0029011B /* Cells */,
				CF3D6A2F25827A3A008F82F7 /* GFButton.swift */,
				CF3D6A3225827D9C008F82F7 /* GFTextField.swift */,
				CF3DBB3225C83DAC00EF5695 /* GFTitleLabel.swift */,
				CF3DBB3525C83F6E00EF5695 /* GFBodyLabel.swift */,
				CF3DBB3E25C840F100EF5695 /* GFAlertViewController.swift */,
			);
			path = "Custom Views";
			sourceTree = "<group>";
		};
		CF3DBB4825C8611400EF5695 /* Extensions */ = {
			isa = PBXGroup;
			children = (
				CF3DBB4125C856B200EF5695 /* UIViewController+Extension.swift */,
			);
			path = Extensions;
			sourceTree = "<group>";
		};
		CF3DBB4925C8617500EF5695 /* Support */ = {
			isa = PBXGroup;
			children = (
				CFC3BA1B2577FF0D004AC221 /* AppDelegate.swift */,
				CFC3BA1D2577FF0D004AC221 /* SceneDelegate.swift */,
				CFC3BA242577FF0E004AC221 /* Assets.xcassets */,
				CFC3BA262577FF0E004AC221 /* LaunchScreen.storyboard */,
			);
			path = Support;
			sourceTree = "<group>";
		};
		CFC1FF1C25EE43430029011B /* Managers */ = {
			isa = PBXGroup;
			children = (
				CFC1FF1D25EE43790029011B /* NetworkManager.swift */,
			);
			path = Managers;
			sourceTree = "<group>";
		};
		CFC1FF2125EE5F380029011B /* Utilities */ = {
			isa = PBXGroup;
			children = (
				CFC1FF2225EE5F5B0029011B /* ErrorMessage.swift */,
				CFC1FF3125EEA4FC0029011B /* UIHelper.swift */,
			);
			path = Utilities;
			sourceTree = "<group>";
		};
		CFC1FF2925EE72EE0029011B /* Cells */ = {
			isa = PBXGroup;
			children = (
				CFC1FF2A25EE733F0029011B /* FollowerCell.swift */,
				CFC1FF2D25EE73D80029011B /* AvatarImageView.swift */,
			);
			path = Cells;
			sourceTree = "<group>";
		};
		CFC3BA0F2577FF0D004AC221 = {
			isa = PBXGroup;
			children = (
				CFC3BA1A2577FF0D004AC221 /* GitHubFollowers */,
				CFC3BA192577FF0D004AC221 /* Products */,
			);
			sourceTree = "<group>";
		};
		CFC3BA192577FF0D004AC221 /* Products */ = {
			isa = PBXGroup;
			children = (
				CFC3BA182577FF0D004AC221 /* GitHubFollowers.app */,
			);
			name = Products;
			sourceTree = "<group>";
		};
		CFC3BA1A2577FF0D004AC221 /* GitHubFollowers */ = {
			isa = PBXGroup;
			children = (
				CFC1FF2125EE5F380029011B /* Utilities */,
				CFC1FF1C25EE43430029011B /* Managers */,
				CFE47A0C25DEB8BD000F4A58 /* Model */,
				CF3DBB4525C8605600EF5695 /* Screens */,
				CF3DBB4725C860BF00EF5695 /* Custom Views */,
				CF3DBB4825C8611400EF5695 /* Extensions */,
				CF3DBB4925C8617500EF5695 /* Support */,
				CFC3BA292577FF0E004AC221 /* Info.plist */,
			);
			path = GitHubFollowers;
			sourceTree = "<group>";
		};
		CFE47A0C25DEB8BD000F4A58 /* Model */ = {
			isa = PBXGroup;
			children = (
				CFE47A0D25DEB918000F4A58 /* Follower.swift */,
				CFE47A1025DEBA28000F4A58 /* User.swift */,
			);
			path = Model;
			sourceTree = "<group>";
		};
/* End PBXGroup section */

/* Begin PBXNativeTarget section */
		CFC3BA172577FF0D004AC221 /* GitHubFollowers */ = {
			isa = PBXNativeTarget;
			buildConfigurationList = CFC3BA2C2577FF0E004AC221 /* Build configuration list for PBXNativeTarget "GitHubFollowers" */;
			buildPhases = (
				CFC3BA142577FF0D004AC221 /* Sources */,
				CFC3BA152577FF0D004AC221 /* Frameworks */,
				CFC3BA162577FF0D004AC221 /* Resources */,
			);
			buildRules = (
			);
			dependencies = (
			);
			name = GitHubFollowers;
			productName = GitHubFollowers;
			productReference = CFC3BA182577FF0D004AC221 /* GitHubFollowers.app */;
			productType = "com.apple.product-type.application";
		};
/* End PBXNativeTarget section */

/* Begin PBXProject section */
		CFC3BA102577FF0D004AC221 /* Project object */ = {
			isa = PBXProject;
			attributes = {
				LastSwiftUpdateCheck = 1220;
				LastUpgradeCheck = 1220;
				TargetAttributes = {
					CFC3BA172577FF0D004AC221 = {
						CreatedOnToolsVersion = 12.2;
					};
				};
			};
			buildConfigurationList = CFC3BA132577FF0D004AC221 /* Build configuration list for PBXProject "GitHubFollowers" */;
			compatibilityVersion = "Xcode 9.3";
			developmentRegion = en;
			hasScannedForEncodings = 0;
			knownRegions = (
				en,
				Base,
			);
			mainGroup = CFC3BA0F2577FF0D004AC221;
			productRefGroup = CFC3BA192577FF0D004AC221 /* Products */;
			projectDirPath = "";
			projectRoot = "";
			targets = (
				CFC3BA172577FF0D004AC221 /* GitHubFollowers */,
			);
		};
/* End PBXProject section */

/* Begin PBXResourcesBuildPhase section */
		CFC3BA162577FF0D004AC221 /* Resources */ = {
			isa = PBXResourcesBuildPhase;
			buildActionMask = 2147483647;
			files = (
				CFC3BA282577FF0E004AC221 /* LaunchScreen.storyboard in Resources */,
				CFC3BA252577FF0E004AC221 /* Assets.xcassets in Resources */,
			);
			runOnlyForDeploymentPostprocessing = 0;
		};
/* End PBXResourcesBuildPhase section */

/* Begin PBXSourcesBuildPhase section */
		CFC3BA142577FF0D004AC221 /* Sources */ = {
			isa = PBXSourcesBuildPhase;
			buildActionMask = 2147483647;
			files = (
				CFE47A1125DEBA28000F4A58 /* User.swift in Sources */,
				CF3DBB3F25C840F100EF5695 /* GFAlertViewController.swift in Sources */,
				CF3DBB4225C856B200EF5695 /* UIViewController+Extension.swift in Sources */,
				CF3D6A3325827D9C008F82F7 /* GFTextField.swift in Sources */,
				CFC3BA3325781D26004AC221 /* SearchViewController.swift in Sources */,
				CFC1FF3225EEA4FC0029011B /* UIHelper.swift in Sources */,
				CF3D6A3025827A3A008F82F7 /* GFButton.swift in Sources */,
				CFC67564259E2A6400DC784E /* FollowersListViewController.swift in Sources */,
				CFC1FF2B25EE733F0029011B /* FollowerCell.swift in Sources */,
				CFC1FF2325EE5F5B0029011B /* ErrorMessage.swift in Sources */,
				CF3DBB3625C83F6E00EF5695 /* GFBodyLabel.swift in Sources */,
				CFE47A0E25DEB918000F4A58 /* Follower.swift in Sources */,
				CF3DBB3325C83DAC00EF5695 /* GFTitleLabel.swift in Sources */,
				CFC1FF2E25EE73D80029011B /* AvatarImageView.swift in Sources */,
				CFC1FF1E25EE43790029011B /* NetworkManager.swift in Sources */,
				CFC3BA1C2577FF0D004AC221 /* AppDelegate.swift in Sources */,
				CFC3BA3625781D81004AC221 /* FavoritesListViewController.swift in Sources */,
				CFC3BA1E2577FF0D004AC221 /* SceneDelegate.swift in Sources */,
			);
			runOnlyForDeploymentPostprocessing = 0;
		};
/* End PBXSourcesBuildPhase section */

/* Begin PBXVariantGroup section */
		CFC3BA262577FF0E004AC221 /* LaunchScreen.storyboard */ = {
			isa = PBXVariantGroup;
			children = (
				CFC3BA272577FF0E004AC221 /* Base */,
			);
			name = LaunchScreen.storyboard;
			sourceTree = "<group>";
		};
/* End PBXVariantGroup section */

/* Begin XCBuildConfiguration section */
		CFC3BA2A2577FF0E004AC221 /* Debug */ = {
			isa = XCBuildConfiguration;
			buildSettings = {
				ALWAYS_SEARCH_USER_PATHS = NO;
				CLANG_ANALYZER_NONNULL = YES;
				CLANG_ANALYZER_NUMBER_OBJECT_CONVERSION = YES_AGGRESSIVE;
				CLANG_CXX_LANGUAGE_STANDARD = "gnu++14";
				CLANG_CXX_LIBRARY = "libc++";
				CLANG_ENABLE_MODULES = YES;
				CLANG_ENABLE_OBJC_ARC = YES;
				CLANG_ENABLE_OBJC_WEAK = YES;
				CLANG_WARN_BLOCK_CAPTURE_AUTORELEASING = YES;
				CLANG_WARN_BOOL_CONVERSION = YES;
				CLANG_WARN_COMMA = YES;
				CLANG_WARN_CONSTANT_CONVERSION = YES;
				CLANG_WARN_DEPRECATED_OBJC_IMPLEMENTATIONS = YES;
				CLANG_WARN_DIRECT_OBJC_ISA_USAGE = YES_ERROR;
				CLANG_WARN_DOCUMENTATION_COMMENTS = YES;
				CLANG_WARN_EMPTY_BODY = YES;
				CLANG_WARN_ENUM_CONVERSION = YES;
				CLANG_WARN_INFINITE_RECURSION = YES;
				CLANG_WARN_INT_CONVERSION = YES;
				CLANG_WARN_NON_LITERAL_NULL_CONVERSION = YES;
				CLANG_WARN_OBJC_IMPLICIT_RETAIN_SELF = YES;
				CLANG_WARN_OBJC_LITERAL_CONVERSION = YES;
				CLANG_WARN_OBJC_ROOT_CLASS = YES_ERROR;
				CLANG_WARN_QUOTED_INCLUDE_IN_FRAMEWORK_HEADER = YES;
				CLANG_WARN_RANGE_LOOP_ANALYSIS = YES;
				CLANG_WARN_STRICT_PROTOTYPES = YES;
				CLANG_WARN_SUSPICIOUS_MOVE = YES;
				CLANG_WARN_UNGUARDED_AVAILABILITY = YES_AGGRESSIVE;
				CLANG_WARN_UNREACHABLE_CODE = YES;
				CLANG_WARN__DUPLICATE_METHOD_MATCH = YES;
				COPY_PHASE_STRIP = NO;
				DEBUG_INFORMATION_FORMAT = dwarf;
				ENABLE_STRICT_OBJC_MSGSEND = YES;
				ENABLE_TESTABILITY = YES;
				GCC_C_LANGUAGE_STANDARD = gnu11;
				GCC_DYNAMIC_NO_PIC = NO;
				GCC_NO_COMMON_BLOCKS = YES;
				GCC_OPTIMIZATION_LEVEL = 0;
				GCC_PREPROCESSOR_DEFINITIONS = (
					"DEBUG=1",
					"$(inherited)",
				);
				GCC_WARN_64_TO_32_BIT_CONVERSION = YES;
				GCC_WARN_ABOUT_RETURN_TYPE = YES_ERROR;
				GCC_WARN_UNDECLARED_SELECTOR = YES;
				GCC_WARN_UNINITIALIZED_AUTOS = YES_AGGRESSIVE;
				GCC_WARN_UNUSED_FUNCTION = YES;
				GCC_WARN_UNUSED_VARIABLE = YES;
				IPHONEOS_DEPLOYMENT_TARGET = 14.2;
				MTL_ENABLE_DEBUG_INFO = INCLUDE_SOURCE;
				MTL_FAST_MATH = YES;
				ONLY_ACTIVE_ARCH = YES;
				SDKROOT = iphoneos;
				SWIFT_ACTIVE_COMPILATION_CONDITIONS = DEBUG;
				SWIFT_OPTIMIZATION_LEVEL = "-Onone";
			};
			name = Debug;
		};
		CFC3BA2B2577FF0E004AC221 /* Release */ = {
			isa = XCBuildConfiguration;
			buildSettings = {
				ALWAYS_SEARCH_USER_PATHS = NO;
				CLANG_ANALYZER_NONNULL = YES;
				CLANG_ANALYZER_NUMBER_OBJECT_CONVERSION = YES_AGGRESSIVE;
				CLANG_CXX_LANGUAGE_STANDARD = "gnu++14";
				CLANG_CXX_LIBRARY = "libc++";
				CLANG_ENABLE_MODULES = YES;
				CLANG_ENABLE_OBJC_ARC = YES;
				CLANG_ENABLE_OBJC_WEAK = YES;
				CLANG_WARN_BLOCK_CAPTURE_AUTORELEASING = YES;
				CLANG_WARN_BOOL_CONVERSION = YES;
				CLANG_WARN_COMMA = YES;
				CLANG_WARN_CONSTANT_CONVERSION = YES;
				CLANG_WARN_DEPRECATED_OBJC_IMPLEMENTATIONS = YES;
				CLANG_WARN_DIRECT_OBJC_ISA_USAGE = YES_ERROR;
				CLANG_WARN_DOCUMENTATION_COMMENTS = YES;
				CLANG_WARN_EMPTY_BODY = YES;
				CLANG_WARN_ENUM_CONVERSION = YES;
				CLANG_WARN_INFINITE_RECURSION = YES;
				CLANG_WARN_INT_CONVERSION = YES;
				CLANG_WARN_NON_LITERAL_NULL_CONVERSION = YES;
				CLANG_WARN_OBJC_IMPLICIT_RETAIN_SELF = YES;
				CLANG_WARN_OBJC_LITERAL_CONVERSION = YES;
				CLANG_WARN_OBJC_ROOT_CLASS = YES_ERROR;
				CLANG_WARN_QUOTED_INCLUDE_IN_FRAMEWORK_HEADER = YES;
				CLANG_WARN_RANGE_LOOP_ANALYSIS = YES;
				CLANG_WARN_STRICT_PROTOTYPES = YES;
				CLANG_WARN_SUSPICIOUS_MOVE = YES;
				CLANG_WARN_UNGUARDED_AVAILABILITY = YES_AGGRESSIVE;
				CLANG_WARN_UNREACHABLE_CODE = YES;
				CLANG_WARN__DUPLICATE_METHOD_MATCH = YES;
				COPY_PHASE_STRIP = NO;
				DEBUG_INFORMATION_FORMAT = "dwarf-with-dsym";
				ENABLE_NS_ASSERTIONS = NO;
				ENABLE_STRICT_OBJC_MSGSEND = YES;
				GCC_C_LANGUAGE_STANDARD = gnu11;
				GCC_NO_COMMON_BLOCKS = YES;
				GCC_WARN_64_TO_32_BIT_CONVERSION = YES;
				GCC_WARN_ABOUT_RETURN_TYPE = YES_ERROR;
				GCC_WARN_UNDECLARED_SELECTOR = YES;
				GCC_WARN_UNINITIALIZED_AUTOS = YES_AGGRESSIVE;
				GCC_WARN_UNUSED_FUNCTION = YES;
				GCC_WARN_UNUSED_VARIABLE = YES;
				IPHONEOS_DEPLOYMENT_TARGET = 14.2;
				MTL_ENABLE_DEBUG_INFO = NO;
				MTL_FAST_MATH = YES;
				SDKROOT = iphoneos;
				SWIFT_COMPILATION_MODE = wholemodule;
				SWIFT_OPTIMIZATION_LEVEL = "-O";
				VALIDATE_PRODUCT = YES;
			};
			name = Release;
		};
		CFC3BA2D2577FF0E004AC221 /* Debug */ = {
			isa = XCBuildConfiguration;
			buildSettings = {
				ASSETCATALOG_COMPILER_APPICON_NAME = AppIcon;
				ASSETCATALOG_COMPILER_GLOBAL_ACCENT_COLOR_NAME = AccentColor;
				CODE_SIGN_STYLE = Automatic;
				DEVELOPMENT_TEAM = 36HNVXMM9F;
				INFOPLIST_FILE = GitHubFollowers/Info.plist;
				LD_RUNPATH_SEARCH_PATHS = (
					"$(inherited)",
					"@executable_path/Frameworks",
				);
				PRODUCT_BUNDLE_IDENTIFIER = ValeriiaZakharova.GitHubFollowers;
				PRODUCT_NAME = "$(TARGET_NAME)";
				SWIFT_VERSION = 5.0;
				TARGETED_DEVICE_FAMILY = "1,2";
			};
			name = Debug;
		};
		CFC3BA2E2577FF0E004AC221 /* Release */ = {
			isa = XCBuildConfiguration;
			buildSettings = {
				ASSETCATALOG_COMPILER_APPICON_NAME = AppIcon;
				ASSETCATALOG_COMPILER_GLOBAL_ACCENT_COLOR_NAME = AccentColor;
				CODE_SIGN_STYLE = Automatic;
				DEVELOPMENT_TEAM = 36HNVXMM9F;
				INFOPLIST_FILE = GitHubFollowers/Info.plist;
				LD_RUNPATH_SEARCH_PATHS = (
					"$(inherited)",
					"@executable_path/Frameworks",
				);
				PRODUCT_BUNDLE_IDENTIFIER = ValeriiaZakharova.GitHubFollowers;
				PRODUCT_NAME = "$(TARGET_NAME)";
				SWIFT_VERSION = 5.0;
				TARGETED_DEVICE_FAMILY = "1,2";
			};
			name = Release;
		};
/* End XCBuildConfiguration section */

/* Begin XCConfigurationList section */
		CFC3BA132577FF0D004AC221 /* Build configuration list for PBXProject "GitHubFollowers" */ = {
			isa = XCConfigurationList;
			buildConfigurations = (
				CFC3BA2A2577FF0E004AC221 /* Debug */,
				CFC3BA2B2577FF0E004AC221 /* Release */,
			);
			defaultConfigurationIsVisible = 0;
			defaultConfigurationName = Release;
		};
		CFC3BA2C2577FF0E004AC221 /* Build configuration list for PBXNativeTarget "GitHubFollowers" */ = {
			isa = XCConfigurationList;
			buildConfigurations = (
				CFC3BA2D2577FF0E004AC221 /* Debug */,
				CFC3BA2E2577FF0E004AC221 /* Release */,
			);
			defaultConfigurationIsVisible = 0;
			defaultConfigurationName = Release;
		};
/* End XCConfigurationList section */
	};
	rootObject = CFC3BA102577FF0D004AC221 /* Project object */;
}
